Microsoft Visual Studio Solution File, Format Version 8.00
Project("{FAE04EC0-301F-11D3-BF4B-00C04F79EFBC}") = "Dummy", "Dummy.csproj", "{3F14757E-4CB0-4D38-B6F3-9414E25DBCC2}"
	ProjectSection(ProjectDependencies) = postProject
	EndProjectSection
EndProject
Global
	GlobalSection(SolutionConfiguration) = preSolution
		Debug = Debug
		Release = Release
	EndGlobalSection
	GlobalSection(ProjectConfiguration) = postSolution
		{3F14757E-4CB0-4D38-B6F3-9414E25DBCC2}.Debug.ActiveCfg = Debug|.NET
		{3F14757E-4CB0-4D38-B6F3-9414E25DBCC2}.Debug.Build.0 = Debug|.NET
		{3F14757E-4CB0-4D38-B6F3-9414E25DBCC2}.Release.ActiveCfg = Release|.NET
		{3F14757E-4CB0-4D38-B6F3-9414E25DBCC2}.Release.Build.0 = Release|.NET
	EndGlobalSection
	GlobalSection(ExtensibilityGlobals) = postSolution
	EndGlobalSection
	GlobalSection(ExtensibilityAddIns) = postSolution
	EndGlobalSection
EndGlobal
